
Microsoft Visual Studio Solution File, Format Version 12.00
# Visual Studio Version 16
VisualStudioVersion = 16.0.810.2
MinimumVisualStudioVersion = 10.0.40219.1
Project("{FAE04EC0-301F-11D3-BF4B-00C04F79EFBC}") = "Rg.Plugins.Popup", "Rg.Plugins.Popup.csproj", "{9EB463F5-E431-405C-AD55-1EE9D3822DBE}"
EndProject
Global
	GlobalSection(SolutionConfigurationPlatforms) = preSolution
		Debug|Any CPU = Debug|Any CPU
		Release|Any CPU = Release|Any CPU
	EndGlobalSection
	GlobalSection(ProjectConfigurationPlatforms) = postSolution
		{9EB463F5-E431-405C-AD55-1EE9D3822DBE}.Debug|Any CPU.ActiveCfg = Debug|Any CPU
		{9EB463F5-E431-405C-AD55-1EE9D3822DBE}.Debug|Any CPU.Build.0 = Debug|Any CPU
		{9EB463F5-E431-405C-AD55-1EE9D3822DBE}.Release|Any CPU.ActiveCfg = Release|Any CPU
		{9EB463F5-E431-405C-AD55-1EE9D3822DBE}.Release|Any CPU.Build.0 = Release|Any CPU
	EndGlobalSection
	GlobalSection(SolutionProperties) = preSolution
		HideSolutionNode = FALSE
	EndGlobalSection
	GlobalSection(ExtensibilityGlobals) = postSolution
		SolutionGuid = {BD7B245A-F09D-4FD6-9B27-3BF154878B0B}
	EndGlobalSection
EndGlobal
